// !$*UTF8*$!
{
	archiveVersion = 1;
	classes = {
	};
	objectVersion = 56;
	objects = {

/* Begin PBXBuildFile section */
		181B2E6B2C45294D0048A38E /* CallRecorderApp.swift in Sources */ = {isa = PBXBuildFile; fileRef = 181B2E6A2C45294D0048A38E /* CallRecorderApp.swift */; };
		181B2E6F2C45294F0048A38E /* Assets.xcassets in Resources */ = {isa = PBXBuildFile; fileRef = 181B2E6E2C45294F0048A38E /* Assets.xcassets */; };
		181B2E722C45294F0048A38E /* Preview Assets.xcassets in Resources */ = {isa = PBXBuildFile; fileRef = 181B2E712C45294F0048A38E /* Preview Assets.xcassets */; };
		181B2E892C452A0E0048A38E /* TrialButton.swift in Sources */ = {isa = PBXBuildFile; fileRef = 181B2E882C452A0E0048A38E /* TrialButton.swift */; };
		181B2E8A2C452A0E0048A38E /* RoundedButton.swift in Sources */ = {isa = PBXBuildFile; fileRef = 181B2E872C452A0E0048A38E /* RoundedButton.swift */; };
		181B2E8E2C452C000048A38E /* HapticTouchManager.swift in Sources */ = {isa = PBXBuildFile; fileRef = 181B2E8D2C452C000048A38E /* HapticTouchManager.swift */; };
		181B2E942C452C0C0048A38E /* OnboardingSlide.swift in Sources */ = {isa = PBXBuildFile; fileRef = 181B2E8F2C452C0C0048A38E /* OnboardingSlide.swift */; };
		181B2E952C452C0C0048A38E /* OnboardingView.swift in Sources */ = {isa = PBXBuildFile; fileRef = 181B2E902C452C0C0048A38E /* OnboardingView.swift */; };
		181B2E962C452C0C0048A38E /* PaywallView.swift in Sources */ = {isa = PBXBuildFile; fileRef = 181B2E912C452C0C0048A38E /* PaywallView.swift */; };
		181B2E972C452C0C0048A38E /* SplashView.swift in Sources */ = {isa = PBXBuildFile; fileRef = 181B2E922C452C0C0048A38E /* SplashView.swift */; };
		181B2E9A2C455C5D0048A38E /* MainView.swift in Sources */ = {isa = PBXBuildFile; fileRef = 181B2E992C455C5C0048A38E /* MainView.swift */; };
/* End PBXBuildFile section */

/* Begin PBXFileReference section */
		181B2E672C45294D0048A38E /* CallRecorder.app */ = {isa = PBXFileReference; explicitFileType = wrapper.application; includeInIndex = 0; path = CallRecorder.app; sourceTree = BUILT_PRODUCTS_DIR; };
		181B2E6A2C45294D0048A38E /* CallRecorderApp.swift */ = {isa = PBXFileReference; lastKnownFileType = sourcecode.swift; path = CallRecorderApp.swift; sourceTree = "<group>"; };
		181B2E6E2C45294F0048A38E /* Assets.xcassets */ = {isa = PBXFileReference; lastKnownFileType = folder.assetcatalog; path = Assets.xcassets; sourceTree = "<group>"; };
		181B2E712C45294F0048A38E /* Preview Assets.xcassets */ = {isa = PBXFileReference; lastKnownFileType = folder.assetcatalog; path = "Preview Assets.xcassets"; sourceTree = "<group>"; };
		181B2E872C452A0E0048A38E /* RoundedButton.swift */ = {isa = PBXFileReference; lastKnownFileType = sourcecode.swift; path = RoundedButton.swift; sourceTree = "<group>"; };
		181B2E882C452A0E0048A38E /* TrialButton.swift */ = {isa = PBXFileReference; lastKnownFileType = sourcecode.swift; path = TrialButton.swift; sourceTree = "<group>"; };
		181B2E8D2C452C000048A38E /* HapticTouchManager.swift */ = {isa = PBXFileReference; fileEncoding = 4; lastKnownFileType = sourcecode.swift; path = HapticTouchManager.swift; sourceTree = "<group>"; };
		181B2E8F2C452C0C0048A38E /* OnboardingSlide.swift */ = {isa = PBXFileReference; fileEncoding = 4; lastKnownFileType = sourcecode.swift; path = OnboardingSlide.swift; sourceTree = "<group>"; };
		181B2E902C452C0C0048A38E /* OnboardingView.swift */ = {isa = PBXFileReference; fileEncoding = 4; lastKnownFileType = sourcecode.swift; path = OnboardingView.swift; sourceTree = "<group>"; };
		181B2E912C452C0C0048A38E /* PaywallView.swift */ = {isa = PBXFileReference; fileEncoding = 4; lastKnownFileType = sourcecode.swift; path = PaywallView.swift; sourceTree = "<group>"; };
		181B2E922C452C0C0048A38E /* SplashView.swift */ = {isa = PBXFileReference; fileEncoding = 4; lastKnownFileType = sourcecode.swift; path = SplashView.swift; sourceTree = "<group>"; };
		181B2E992C455C5C0048A38E /* MainView.swift */ = {isa = PBXFileReference; lastKnownFileType = sourcecode.swift; path = MainView.swift; sourceTree = "<group>"; };
/* End PBXFileReference section */

/* Begin PBXFrameworksBuildPhase section */
		181B2E642C45294D0048A38E /* Frameworks */ = {
			isa = PBXFrameworksBuildPhase;
			buildActionMask = 2147483647;
			files = (
			);
			runOnlyForDeploymentPostprocessing = 0;
		};
/* End PBXFrameworksBuildPhase section */

/* Begin PBXGroup section */
		181B2E5E2C45294D0048A38E = {
			isa = PBXGroup;
			children = (
				181B2E692C45294D0048A38E /* CallRecorder */,
				181B2E682C45294D0048A38E /* Products */,
			);
			sourceTree = "<group>";
		};
		181B2E682C45294D0048A38E /* Products */ = {
			isa = PBXGroup;
			children = (
				181B2E672C45294D0048A38E /* CallRecorder.app */,
			);
			name = Products;
			sourceTree = "<group>";
		};
		181B2E692C45294D0048A38E /* CallRecorder */ = {
			isa = PBXGroup;
			children = (
				181B2E8D2C452C000048A38E /* HapticTouchManager.swift */,
				181B2E982C455C490048A38E /* MainView */,
				181B2E862C452A0D0048A38E /* UIElements */,
				181B2E932C452C0C0048A38E /* Onboarding */,
				181B2E6A2C45294D0048A38E /* CallRecorderApp.swift */,
				181B2E6E2C45294F0048A38E /* Assets.xcassets */,
				181B2E702C45294F0048A38E /* Preview Content */,
			);
			path = CallRecorder;
			sourceTree = "<group>";
		};
		181B2E702C45294F0048A38E /* Preview Content */ = {
			isa = PBXGroup;
			children = (
				181B2E712C45294F0048A38E /* Preview Assets.xcassets */,
			);
			path = "Preview Content";
			sourceTree = "<group>";
		};
		181B2E862C452A0D0048A38E /* UIElements */ = {
			isa = PBXGroup;
			children = (
				181B2E872C452A0E0048A38E /* RoundedButton.swift */,
				181B2E882C452A0E0048A38E /* TrialButton.swift */,
			);
			path = UIElements;
			sourceTree = "<group>";
		};
		181B2E932C452C0C0048A38E /* Onboarding */ = {
			isa = PBXGroup;
			children = (
				181B2E8F2C452C0C0048A38E /* OnboardingSlide.swift */,
				181B2E902C452C0C0048A38E /* OnboardingView.swift */,
				181B2E912C452C0C0048A38E /* PaywallView.swift */,
				181B2E922C452C0C0048A38E /* SplashView.swift */,
			);
			path = Onboarding;
			sourceTree = "<group>";
		};
		181B2E982C455C490048A38E /* MainView */ = {
			isa = PBXGroup;
			children = (
				181B2E992C455C5C0048A38E /* MainView.swift */,
			);
			path = MainView;
			sourceTree = "<group>";
		};
/* End PBXGroup section */

/* Begin PBXNativeTarget section */
		181B2E662C45294D0048A38E /* CallRecorder */ = {
			isa = PBXNativeTarget;
			buildConfigurationList = 181B2E752C45294F0048A38E /* Build configuration list for PBXNativeTarget "CallRecorder" */;
			buildPhases = (
				181B2E632C45294D0048A38E /* Sources */,
				181B2E642C45294D0048A38E /* Frameworks */,
				181B2E652C45294D0048A38E /* Resources */,
			);
			buildRules = (
			);
			dependencies = (
			);
			name = CallRecorder;
			productName = CallRecorder;
			productReference = 181B2E672C45294D0048A38E /* CallRecorder.app */;
			productType = "com.apple.product-type.application";
		};
/* End PBXNativeTarget section */

/* Begin PBXProject section */
		181B2E5F2C45294D0048A38E /* Project object */ = {
			isa = PBXProject;
			attributes = {
				BuildIndependentTargetsInParallel = 1;
				LastSwiftUpdateCheck = 1540;
				LastUpgradeCheck = 1540;
				TargetAttributes = {
					181B2E662C45294D0048A38E = {
						CreatedOnToolsVersion = 15.4;
					};
				};
			};
			buildConfigurationList = 181B2E622C45294D0048A38E /* Build configuration list for PBXProject "CallRecorder" */;
			compatibilityVersion = "Xcode 14.0";
			developmentRegion = en;
			hasScannedForEncodings = 0;
			knownRegions = (
				en,
				Base,
			);
			mainGroup = 181B2E5E2C45294D0048A38E;
			productRefGroup = 181B2E682C45294D0048A38E /* Products */;
			projectDirPath = "";
			projectRoot = "";
			targets = (
				181B2E662C45294D0048A38E /* CallRecorder */,
			);
		};
/* End PBXProject section */

/* Begin PBXResourcesBuildPhase section */
		181B2E652C45294D0048A38E /* Resources */ = {
			isa = PBXResourcesBuildPhase;
			buildActionMask = 2147483647;
			files = (
				181B2E722C45294F0048A38E /* Preview Assets.xcassets in Resources */,
				181B2E6F2C45294F0048A38E /* Assets.xcassets in Resources */,
			);
			runOnlyForDeploymentPostprocessing = 0;
		};
/* End PBXResourcesBuildPhase section */

/* Begin PBXSourcesBuildPhase section */
		181B2E632C45294D0048A38E /* Sources */ = {
			isa = PBXSourcesBuildPhase;
			buildActionMask = 2147483647;
			files = (
				181B2E962C452C0C0048A38E /* PaywallView.swift in Sources */,
				181B2E8A2C452A0E0048A38E /* RoundedButton.swift in Sources */,
				181B2E9A2C455C5D0048A38E /* MainView.swift in Sources */,
				181B2E892C452A0E0048A38E /* TrialButton.swift in Sources */,
				181B2E6B2C45294D0048A38E /* CallRecorderApp.swift in Sources */,
				181B2E942C452C0C0048A38E /* OnboardingSlide.swift in Sources */,
				181B2E8E2C452C000048A38E /* HapticTouchManager.swift in Sources */,
				181B2E952C452C0C0048A38E /* OnboardingView.swift in Sources */,
				181B2E972C452C0C0048A38E /* SplashView.swift in Sources */,
			);
			runOnlyForDeploymentPostprocessing = 0;
		};
/* End PBXSourcesBuildPhase section */

/* Begin XCBuildConfiguration section */
		181B2E732C45294F0048A38E /* Debug */ = {
			isa = XCBuildConfiguration;
			buildSettings = {
				ALWAYS_SEARCH_USER_PATHS = NO;
				ASSETCATALOG_COMPILER_GENERATE_SWIFT_ASSET_SYMBOL_EXTENSIONS = YES;
				CLANG_ANALYZER_NONNULL = YES;
				CLANG_ANALYZER_NUMBER_OBJECT_CONVERSION = YES_AGGRESSIVE;
				CLANG_CXX_LANGUAGE_STANDARD = "gnu++20";
				CLANG_ENABLE_MODULES = YES;
				CLANG_ENABLE_OBJC_ARC = YES;
				CLANG_ENABLE_OBJC_WEAK = YES;
				CLANG_WARN_BLOCK_CAPTURE_AUTORELEASING = YES;
				CLANG_WARN_BOOL_CONVERSION = YES;
				CLANG_WARN_COMMA = YES;
				CLANG_WARN_CONSTANT_CONVERSION = YES;
				CLANG_WARN_DEPRECATED_OBJC_IMPLEMENTATIONS = YES;
				CLANG_WARN_DIRECT_OBJC_ISA_USAGE = YES_ERROR;
				CLANG_WARN_DOCUMENTATION_COMMENTS = YES;
				CLANG_WARN_EMPTY_BODY = YES;
				CLANG_WARN_ENUM_CONVERSION = YES;
				CLANG_WARN_INFINITE_RECURSION = YES;
				CLANG_WARN_INT_CONVERSION = YES;
				CLANG_WARN_NON_LITERAL_NULL_CONVERSION = YES;
				CLANG_WARN_OBJC_IMPLICIT_RETAIN_SELF = YES;
				CLANG_WARN_OBJC_LITERAL_CONVERSION = YES;
				CLANG_WARN_OBJC_ROOT_CLASS = YES_ERROR;
				CLANG_WARN_QUOTED_INCLUDE_IN_FRAMEWORK_HEADER = YES;
				CLANG_WARN_RANGE_LOOP_ANALYSIS = YES;
				CLANG_WARN_STRICT_PROTOTYPES = YES;
				CLANG_WARN_SUSPICIOUS_MOVE = YES;
				CLANG_WARN_UNGUARDED_AVAILABILITY = YES_AGGRESSIVE;
				CLANG_WARN_UNREACHABLE_CODE = YES;
				CLANG_WARN__DUPLICATE_METHOD_MATCH = YES;
				COPY_PHASE_STRIP = NO;
				DEBUG_INFORMATION_FORMAT = dwarf;
				ENABLE_STRICT_OBJC_MSGSEND = YES;
				ENABLE_TESTABILITY = YES;
				ENABLE_USER_SCRIPT_SANDBOXING = YES;
				GCC_C_LANGUAGE_STANDARD = gnu17;
				GCC_DYNAMIC_NO_PIC = NO;
				GCC_NO_COMMON_BLOCKS = YES;
				GCC_OPTIMIZATION_LEVEL = 0;
				GCC_PREPROCESSOR_DEFINITIONS = (
					"DEBUG=1",
					"$(inherited)",
				);
				GCC_WARN_64_TO_32_BIT_CONVERSION = YES;
				GCC_WARN_ABOUT_RETURN_TYPE = YES_ERROR;
				GCC_WARN_UNDECLARED_SELECTOR = YES;
				GCC_WARN_UNINITIALIZED_AUTOS = YES_AGGRESSIVE;
				GCC_WARN_UNUSED_FUNCTION = YES;
				GCC_WARN_UNUSED_VARIABLE = YES;
				IPHONEOS_DEPLOYMENT_TARGET = 17.5;
				LOCALIZATION_PREFERS_STRING_CATALOGS = YES;
				MTL_ENABLE_DEBUG_INFO = INCLUDE_SOURCE;
				MTL_FAST_MATH = YES;
				ONLY_ACTIVE_ARCH = YES;
				SDKROOT = iphoneos;
				SWIFT_ACTIVE_COMPILATION_CONDITIONS = "DEBUG $(inherited)";
				SWIFT_OPTIMIZATION_LEVEL = "-Onone";
			};
			name = Debug;
		};
		181B2E742C45294F0048A38E /* Release */ = {
			isa = XCBuildConfiguration;
			buildSettings = {
				ALWAYS_SEARCH_USER_PATHS = NO;
				ASSETCATALOG_COMPILER_GENERATE_SWIFT_ASSET_SYMBOL_EXTENSIONS = YES;
				CLANG_ANALYZER_NONNULL = YES;
				CLANG_ANALYZER_NUMBER_OBJECT_CONVERSION = YES_AGGRESSIVE;
				CLANG_CXX_LANGUAGE_STANDARD = "gnu++20";
				CLANG_ENABLE_MODULES = YES;
				CLANG_ENABLE_OBJC_ARC = YES;
				CLANG_ENABLE_OBJC_WEAK = YES;
				CLANG_WARN_BLOCK_CAPTURE_AUTORELEASING = YES;
				CLANG_WARN_BOOL_CONVERSION = YES;
				CLANG_WARN_COMMA = YES;
				CLANG_WARN_CONSTANT_CONVERSION = YES;
				CLANG_WARN_DEPRECATED_OBJC_IMPLEMENTATIONS = YES;
				CLANG_WARN_DIRECT_OBJC_ISA_USAGE = YES_ERROR;
				CLANG_WARN_DOCUMENTATION_COMMENTS = YES;
				CLANG_WARN_EMPTY_BODY = YES;
				CLANG_WARN_ENUM_CONVERSION = YES;
				CLANG_WARN_INFINITE_RECURSION = YES;
				CLANG_WARN_INT_CONVERSION = YES;
				CLANG_WARN_NON_LITERAL_NULL_CONVERSION = YES;
				CLANG_WARN_OBJC_IMPLICIT_RETAIN_SELF = YES;
				CLANG_WARN_OBJC_LITERAL_CONVERSION = YES;
				CLANG_WARN_OBJC_ROOT_CLASS = YES_ERROR;
				CLANG_WARN_QUOTED_INCLUDE_IN_FRAMEWORK_HEADER = YES;
				CLANG_WARN_RANGE_LOOP_ANALYSIS = YES;
				CLANG_WARN_STRICT_PROTOTYPES = YES;
				CLANG_WARN_SUSPICIOUS_MOVE = YES;
				CLANG_WARN_UNGUARDED_AVAILABILITY = YES_AGGRESSIVE;
				CLANG_WARN_UNREACHABLE_CODE = YES;
				CLANG_WARN__DUPLICATE_METHOD_MATCH = YES;
				COPY_PHASE_STRIP = NO;
				DEBUG_INFORMATION_FORMAT = "dwarf-with-dsym";
				ENABLE_NS_ASSERTIONS = NO;
				ENABLE_STRICT_OBJC_MSGSEND = YES;
				ENABLE_USER_SCRIPT_SANDBOXING = YES;
				GCC_C_LANGUAGE_STANDARD = gnu17;
				GCC_NO_COMMON_BLOCKS = YES;
				GCC_WARN_64_TO_32_BIT_CONVERSION = YES;
				GCC_WARN_ABOUT_RETURN_TYPE = YES_ERROR;
				GCC_WARN_UNDECLARED_SELECTOR = YES;
				GCC_WARN_UNINITIALIZED_AUTOS = YES_AGGRESSIVE;
				GCC_WARN_UNUSED_FUNCTION = YES;
				GCC_WARN_UNUSED_VARIABLE = YES;
				IPHONEOS_DEPLOYMENT_TARGET = 17.5;
				LOCALIZATION_PREFERS_STRING_CATALOGS = YES;
				MTL_ENABLE_DEBUG_INFO = NO;
				MTL_FAST_MATH = YES;
				SDKROOT = iphoneos;
				SWIFT_COMPILATION_MODE = wholemodule;
				VALIDATE_PRODUCT = YES;
			};
			name = Release;
		};
		181B2E762C45294F0048A38E /* Debug */ = {
			isa = XCBuildConfiguration;
			buildSettings = {
				ASSETCATALOG_COMPILER_APPICON_NAME = AppIcon;
				ASSETCATALOG_COMPILER_GLOBAL_ACCENT_COLOR_NAME = AccentColor;
				CODE_SIGN_STYLE = Automatic;
				CURRENT_PROJECT_VERSION = 1;
				DEVELOPMENT_ASSET_PATHS = "\"CallRecorder/Preview Content\"";
				DEVELOPMENT_TEAM = XDGNVQNR94;
				ENABLE_PREVIEWS = YES;
				GENERATE_INFOPLIST_FILE = YES;
				INFOPLIST_KEY_UIApplicationSceneManifest_Generation = YES;
				INFOPLIST_KEY_UIApplicationSupportsIndirectInputEvents = YES;
				INFOPLIST_KEY_UILaunchScreen_Generation = YES;
				INFOPLIST_KEY_UISupportedInterfaceOrientations_iPad = "UIInterfaceOrientationPortrait UIInterfaceOrientationPortraitUpsideDown UIInterfaceOrientationLandscapeLeft UIInterfaceOrientationLandscapeRight";
				INFOPLIST_KEY_UISupportedInterfaceOrientations_iPhone = "UIInterfaceOrientationPortrait UIInterfaceOrientationLandscapeLeft UIInterfaceOrientationLandscapeRight";
				LD_RUNPATH_SEARCH_PATHS = (
					"$(inherited)",
					"@executable_path/Frameworks",
				);
				MARKETING_VERSION = 1.0;
				PRODUCT_BUNDLE_IDENTIFIER = com.ivankis.CallRecorder;
				PRODUCT_NAME = "$(TARGET_NAME)";
				SWIFT_EMIT_LOC_STRINGS = YES;
				SWIFT_VERSION = 5.0;
				TARGETED_DEVICE_FAMILY = "1,2";
			};
			name = Debug;
		};
		181B2E772C45294F0048A38E /* Release */ = {
			isa = XCBuildConfiguration;
			buildSettings = {
				ASSETCATALOG_COMPILER_APPICON_NAME = AppIcon;
				ASSETCATALOG_COMPILER_GLOBAL_ACCENT_COLOR_NAME = AccentColor;
				CODE_SIGN_STYLE = Automatic;
				CURRENT_PROJECT_VERSION = 1;
				DEVELOPMENT_ASSET_PATHS = "\"CallRecorder/Preview Content\"";
				DEVELOPMENT_TEAM = XDGNVQNR94;
				ENABLE_PREVIEWS = YES;
				GENERATE_INFOPLIST_FILE = YES;
				INFOPLIST_KEY_UIApplicationSceneManifest_Generation = YES;
				INFOPLIST_KEY_UIApplicationSupportsIndirectInputEvents = YES;
				INFOPLIST_KEY_UILaunchScreen_Generation = YES;
				INFOPLIST_KEY_UISupportedInterfaceOrientations_iPad = "UIInterfaceOrientationPortrait UIInterfaceOrientationPortraitUpsideDown UIInterfaceOrientationLandscapeLeft UIInterfaceOrientationLandscapeRight";
				INFOPLIST_KEY_UISupportedInterfaceOrientations_iPhone = "UIInterfaceOrientationPortrait UIInterfaceOrientationLandscapeLeft UIInterfaceOrientationLandscapeRight";
				LD_RUNPATH_SEARCH_PATHS = (
					"$(inherited)",
					"@executable_path/Frameworks",
				);
				MARKETING_VERSION = 1.0;
				PRODUCT_BUNDLE_IDENTIFIER = com.ivankis.CallRecorder;
				PRODUCT_NAME = "$(TARGET_NAME)";
				SWIFT_EMIT_LOC_STRINGS = YES;
				SWIFT_VERSION = 5.0;
				TARGETED_DEVICE_FAMILY = "1,2";
			};
			name = Release;
		};
/* End XCBuildConfiguration section */

/* Begin XCConfigurationList section */
		181B2E622C45294D0048A38E /* Build configuration list for PBXProject "CallRecorder" */ = {
			isa = XCConfigurationList;
			buildConfigurations = (
				181B2E732C45294F0048A38E /* Debug */,
				181B2E742C45294F0048A38E /* Release */,
			);
			defaultConfigurationIsVisible = 0;
			defaultConfigurationName = Release;
		};
		181B2E752C45294F0048A38E /* Build configuration list for PBXNativeTarget "CallRecorder" */ = {
			isa = XCConfigurationList;
			buildConfigurations = (
				181B2E762C45294F0048A38E /* Debug */,
				181B2E772C45294F0048A38E /* Release */,
			);
			defaultConfigurationIsVisible = 0;
			defaultConfigurationName = Release;
		};
/* End XCConfigurationList section */
	};
	rootObject = 181B2E5F2C45294D0048A38E /* Project object */;
}
